
Microsoft Visual Studio Solution File, Format Version 12.00
# Visual Studio 2012
Project("{CC5FD16D-436D-48AD-A40C-5A424C6E3E79}") = "CloudService19", "CloudService19\CloudService19.ccproj", "{44416D64-F5FA-4962-9309-D47E38F2DE19}"
EndProject
Project("{FAE04EC0-301F-11D3-BF4B-00C04F79EFBC}") = "WebRole1", "WebRole1\WebRole1.csproj", "{B79A2AC7-2E8D-441C-85B1-C4461829F684}"
EndProject
Global
	GlobalSection(SolutionConfigurationPlatforms) = preSolution
		Debug|Any CPU = Debug|Any CPU
		Release|Any CPU = Release|Any CPU
	EndGlobalSection
	GlobalSection(ProjectConfigurationPlatforms) = postSolution
		{44416D64-F5FA-4962-9309-D47E38F2DE19}.Debug|Any CPU.ActiveCfg = Debug|Any CPU
		{44416D64-F5FA-4962-9309-D47E38F2DE19}.Debug|Any CPU.Build.0 = Debug|Any CPU
		{44416D64-F5FA-4962-9309-D47E38F2DE19}.Release|Any CPU.ActiveCfg = Release|Any CPU
		{44416D64-F5FA-4962-9309-D47E38F2DE19}.Release|Any CPU.Build.0 = Release|Any CPU
		{B79A2AC7-2E8D-441C-85B1-C4461829F684}.Debug|Any CPU.ActiveCfg = Debug|Any CPU
		{B79A2AC7-2E8D-441C-85B1-C4461829F684}.Debug|Any CPU.Build.0 = Debug|Any CPU
		{B79A2AC7-2E8D-441C-85B1-C4461829F684}.Release|Any CPU.ActiveCfg = Release|Any CPU
		{B79A2AC7-2E8D-441C-85B1-C4461829F684}.Release|Any CPU.Build.0 = Release|Any CPU
	EndGlobalSection
	GlobalSection(SolutionProperties) = preSolution
		HideSolutionNode = FALSE
	EndGlobalSection
EndGlobal
